# This file is automatically @generated by Cargo.
# It is not intended for manual editing.
version = 4

[[package]]
name = "rehydration-adapter-nats"
version = "0.1.0"

[[package]]
name = "rehydration-adapter-neo4j"
version = "0.1.0"
dependencies = [
 "rehydration-domain",
 "rehydration-ports",
]

[[package]]
name = "rehydration-adapter-valkey"
version = "0.1.0"
dependencies = [
 "rehydration-domain",
 "rehydration-ports",
]

[[package]]
name = "rehydration-application"
version = "0.1.0"
dependencies = [
 "rehydration-domain",
 "rehydration-ports",
]

[[package]]
name = "rehydration-config"
version = "0.1.0"

[[package]]
name = "rehydration-domain"
version = "0.1.0"

[[package]]
name = "rehydration-observability"
version = "0.1.0"

[[package]]
name = "rehydration-ports"
version = "0.1.0"
dependencies = [
 "rehydration-domain",
]

[[package]]
name = "rehydration-server"
version = "0.1.0"
dependencies = [
 "rehydration-adapter-nats",
 "rehydration-adapter-neo4j",
 "rehydration-adapter-valkey",
 "rehydration-config",
 "rehydration-observability",
 "rehydration-transport-grpc",
 "rehydration-transport-http-admin",
]

[[package]]
name = "rehydration-testkit"
version = "0.1.0"
dependencies = [
 "rehydration-domain",
 "rehydration-ports",
]

[[package]]
name = "rehydration-transport-grpc"
version = "0.1.0"
dependencies = [
 "rehydration-application",
 "rehydration-config",
 "rehydration-domain",
 "rehydration-ports",
]

[[package]]
name = "rehydration-transport-http-admin"
version = "0.1.0"
dependencies = [
 "rehydration-config",
]
